
Microsoft Visual Studio Solution File, Format Version 12.00
# Visual Studio Version 17
VisualStudioVersion = 17.11.35312.102
MinimumVisualStudioVersion = 10.0.40219.1
Project("{FAE04EC0-301F-11D3-BF4B-00C04F79EFBC}") = "LoggingMetSeq", "LoggingMetSeq\LoggingMetSeq.csproj", "{953380AA-F393-42A7-80A4-F9875B30C5AB}"
EndProject
Global
	GlobalSection(SolutionConfigurationPlatforms) = preSolution
		Debug|Any CPU = Debug|Any CPU
		Release|Any CPU = Release|Any CPU
	EndGlobalSection
	GlobalSection(ProjectConfigurationPlatforms) = postSolution
		{953380AA-F393-42A7-80A4-F9875B30C5AB}.Debug|Any CPU.ActiveCfg = Debug|Any CPU
		{953380AA-F393-42A7-80A4-F9875B30C5AB}.Debug|Any CPU.Build.0 = Debug|Any CPU
		{953380AA-F393-42A7-80A4-F9875B30C5AB}.Release|Any CPU.ActiveCfg = Release|Any CPU
		{953380AA-F393-42A7-80A4-F9875B30C5AB}.Release|Any CPU.Build.0 = Release|Any CPU
	EndGlobalSection
	GlobalSection(SolutionProperties) = preSolution
		HideSolutionNode = FALSE
	EndGlobalSection
	GlobalSection(ExtensibilityGlobals) = postSolution
		SolutionGuid = {43E0766E-AD26-4B24-B38A-D29ED2B19FE6}
	EndGlobalSection
EndGlobal
