
Microsoft Visual Studio Solution File, Format Version 12.00
# Visual Studio Version 17
VisualStudioVersion = 17.11.35312.102
MinimumVisualStudioVersion = 10.0.40219.1
Project("{FAE04EC0-301F-11D3-BF4B-00C04F79EFBC}") = "ProductsRouting", "ProductsRouting\ProductsRouting.csproj", "{B02C791D-8A6D-42ED-9E14-042411E2EEA0}"
EndProject
Global
	GlobalSection(SolutionConfigurationPlatforms) = preSolution
		Debug|Any CPU = Debug|Any CPU
		Release|Any CPU = Release|Any CPU
	EndGlobalSection
	GlobalSection(ProjectConfigurationPlatforms) = postSolution
		{B02C791D-8A6D-42ED-9E14-042411E2EEA0}.Debug|Any CPU.ActiveCfg = Debug|Any CPU
		{B02C791D-8A6D-42ED-9E14-042411E2EEA0}.Debug|Any CPU.Build.0 = Debug|Any CPU
		{B02C791D-8A6D-42ED-9E14-042411E2EEA0}.Release|Any CPU.ActiveCfg = Release|Any CPU
		{B02C791D-8A6D-42ED-9E14-042411E2EEA0}.Release|Any CPU.Build.0 = Release|Any CPU
	EndGlobalSection
	GlobalSection(SolutionProperties) = preSolution
		HideSolutionNode = FALSE
	EndGlobalSection
	GlobalSection(ExtensibilityGlobals) = postSolution
		SolutionGuid = {3897E519-C9D9-4937-B5E3-2774744DCD08}
	EndGlobalSection
EndGlobal
